{
  "name": "@hazae41/piscine",
  "version": "3.0.1",
  "lockfileVersion": 2,
  "requires": true,
  "packages": {
    "": {
      "name": "@hazae41/piscine",
      "version": "3.0.1",
      "license": "MIT",
      "dependencies": {
        "@hazae41/arrays": "^1.1.5",
        "@hazae41/box": "^4.0.4",
        "@hazae41/future": "^2.0.1",
        "@hazae41/mutex": "^2.2.2",
        "@hazae41/option": "^1.1.4",
        "@hazae41/plume": "^3.0.7",
        "@hazae41/result": "^1.3.3",
        "@hazae41/signals": "^1.1.0"
      },
      "devDependencies": {
        "@hazae41/deimos": "^1.0.6",
        "@hazae41/phobos": "^1.0.10",
        "@hazae41/rimraf": "^1.0.1",
        "@hazae41/symbol-dispose-polyfill": "^1.0.2",
        "@rollup/plugin-typescript": "^12.1.3",
        "@types/node": "^24.0.3",
        "rollup": "^4.43.0",
        "rollup-plugin-dts": "^6.2.1",
        "rollup-plugin-node-externals": "^8.0.1",
        "tslib": "^2.8.1",
        "typescript": "^5.8.3"
      }
    },
    "node_modules/@babel/code-frame": {
      "version": "7.27.1",
      "resolved": "https://registry.npmjs.org/@babel/code-frame/-/code-frame-7.27.1.tgz",
      "integrity": "sha512-cjQ7ZlQ0Mv3b47hABuTevyTuYN4i+loJKGeV9flcCgIK37cCXRh+L1bd3iBHlynerhQ7BhCkn2BPbQUL+rGqFg==",
      "dev": true,
      "license": "MIT",
      "optional": true,
      "dependencies": {
        "@babel/helper-validator-identifier": "^7.27.1",
        "js-tokens": "^4.0.0",
        "picocolors": "^1.1.1"
      },
      "engines": {
        "node": ">=6.9.0"
      }
    },
    "node_modules/@babel/helper-validator-identifier": {
      "version": "7.27.1",
      "resolved": "https://registry.npmjs.org/@babel/helper-validator-identifier/-/helper-validator-identifier-7.27.1.tgz",
      "integrity": "sha512-D2hP9eA+Sqx1kBZgzxZh0y1trbuU+JoDkiEwqhQ36nodYqJwyEIhPSdMNd7lOm/4io72luTPWH20Yda0xOuUow==",
      "dev": true,
      "license": "MIT",
      "optional": true,
      "engines": {
        "node": ">=6.9.0"
      }
    },
    "node_modules/@hazae41/arrays": {
      "version": "1.1.5",
      "resolved": "https://registry.npmjs.org/@hazae41/arrays/-/arrays-1.1.5.tgz",
      "integrity": "sha512-EyYJ9AX4BrQ4Q+f0PJKAecMcVZV7C64IwaKQxfPblh1Vp2xQCg20uVW2RHfyJydeJzmlT8yuCDMS/Gv8hpCSJg=="
    },
    "node_modules/@hazae41/box": {
      "version": "4.0.4",
      "resolved": "https://registry.npmjs.org/@hazae41/box/-/box-4.0.4.tgz",
      "integrity": "sha512-PlZ4tF8EDHCDoAufrldRICOXcUPNYNC2V75ZaKKS+88F8qAAJh5Mt7gFhbbvZQNqtEVDx/QzxlDB+3pjqZs+7Q==",
      "license": "MIT"
    },
    "node_modules/@hazae41/deimos": {
      "version": "1.0.6",
      "resolved": "https://registry.npmjs.org/@hazae41/deimos/-/deimos-1.0.6.tgz",
      "integrity": "sha512-WFPqGe3hVKoUxXSDK+eJpKEpjTBZYfrvBCNlpUAjSyDB/5GrsjcVpgX37QDXZvtJA+Y8fZz1VHxuWGh+I46cIw==",
      "dev": true
    },
    "node_modules/@hazae41/future": {
      "version": "2.0.1",
      "resolved": "https://registry.npmjs.org/@hazae41/future/-/future-2.0.1.tgz",
      "integrity": "sha512-kuCYPEquroSVFMBhX/iEsbK0eOAHFimvXJnFKe6AeJh8gp92jpGI8wqWRjtlpJaUAfrgKNBMHJPZkQNchEjatg==",
      "license": "MIT"
    },
    "node_modules/@hazae41/mutex": {
      "version": "2.2.2",
      "resolved": "https://registry.npmjs.org/@hazae41/mutex/-/mutex-2.2.2.tgz",
      "integrity": "sha512-IeszMz3YgtAVd10yp/HviM0A1uSq+tHV7j9+rckI9unu2YDIZaWz/BFkRizFxZqLc0HFyjTuN3akb0BANPEo4w==",
      "license": "MIT",
      "dependencies": {
        "@hazae41/box": "^4.0.4",
        "@hazae41/future": "^2.0.1"
      }
    },
    "node_modules/@hazae41/option": {
      "version": "1.1.4",
      "resolved": "https://registry.npmjs.org/@hazae41/option/-/option-1.1.4.tgz",
      "integrity": "sha512-ZGAVkOJJw2YIeihG8PaWs4R3KDloCgWGNDPqbATvT3kTtoyU+dJmya/UCM2P+ZwCfWYpE7nGiYJbBTlpp929Qg==",
      "license": "MIT",
      "dependencies": {
        "@hazae41/result": "^1.3.0"
      }
    },
    "node_modules/@hazae41/phobos": {
      "version": "1.0.10",
      "resolved": "https://registry.npmjs.org/@hazae41/phobos/-/phobos-1.0.10.tgz",
      "integrity": "sha512-ZCZx2YXnRAmMxQhBSg1/GW3wll8UVXGJm8ADWaGk9sJRnXE0zISAHz1mRZIHXHAq+MUBOQF7d6AeCAckc2xYlQ==",
      "dev": true
    },
    "node_modules/@hazae41/plume": {
      "version": "3.0.7",
      "resolved": "https://registry.npmjs.org/@hazae41/plume/-/plume-3.0.7.tgz",
      "integrity": "sha512-4TI6M54cmPto9/o0W53RyB0cI1DORgYy0uvSVtOS2xB9EIXM5WKLxGFYddlvl/4pzGvx7AIuXjaVTw5ZzduWiw==",
      "license": "MIT",
      "dependencies": {
        "@hazae41/box": "^3.0.1",
        "@hazae41/future": "^2.0.1",
        "@hazae41/option": "^1.1.4",
        "@hazae41/signals": "^1.1.0"
      }
    },
    "node_modules/@hazae41/plume/node_modules/@hazae41/box": {
      "version": "3.0.4",
      "resolved": "https://registry.npmjs.org/@hazae41/box/-/box-3.0.4.tgz",
      "integrity": "sha512-K4RcUW5ijyx6EwadDYmECoQjw3IhcIUh3bNcZYbjzBMsc9ZTdcD9jQdxf9cOz9d3Ec4+h9Ugq2Yiiqh7I3buZA==",
      "license": "MIT"
    },
    "node_modules/@hazae41/result": {
      "version": "1.3.3",
      "resolved": "https://registry.npmjs.org/@hazae41/result/-/result-1.3.3.tgz",
      "integrity": "sha512-dpSjfqFWGjp2WBTLIwVbElfF/ExxF+Q0cLA4NAWdDVsI2JbrMM335xeRiXl5v7Ho+9mLnh2VXmb7tq1SEFcYfg==",
      "license": "MIT",
      "dependencies": {
        "@hazae41/option": "^1.1.3"
      }
    },
    "node_modules/@hazae41/rimraf": {
      "version": "1.0.1",
      "resolved": "https://registry.npmjs.org/@hazae41/rimraf/-/rimraf-1.0.1.tgz",
      "integrity": "sha512-EmzbyXflKMxnfiEAsE2jn84Bo2WeTxPasdasQ0JP4gisCa3n9qrB2tiR9fmRsrkS6wH/H16oBsu4dkyfaJiKQw==",
      "dev": true,
      "bin": {
        "rimraf": "dist/index.mjs"
      }
    },
    "node_modules/@hazae41/signals": {
      "version": "1.1.0",
      "resolved": "https://registry.npmjs.org/@hazae41/signals/-/signals-1.1.0.tgz",
      "integrity": "sha512-3gwWJIDM7D79fjvb7MfK/wFE+x7pPV+R1NNTHI2Tm7pcgr5eVWh4Xq5n1MjkYBoFQerIaBlU2IlDN4zyeTCItQ==",
      "license": "MIT",
      "dependencies": {
        "@hazae41/box": "^3.0.1",
        "@hazae41/future": "^2.0.1"
      }
    },
    "node_modules/@hazae41/signals/node_modules/@hazae41/box": {
      "version": "3.0.4",
      "resolved": "https://registry.npmjs.org/@hazae41/box/-/box-3.0.4.tgz",
      "integrity": "sha512-K4RcUW5ijyx6EwadDYmECoQjw3IhcIUh3bNcZYbjzBMsc9ZTdcD9jQdxf9cOz9d3Ec4+h9Ugq2Yiiqh7I3buZA==",
      "license": "MIT"
    },
    "node_modules/@hazae41/symbol-dispose-polyfill": {
      "version": "1.0.2",
      "resolved": "https://registry.npmjs.org/@hazae41/symbol-dispose-polyfill/-/symbol-dispose-polyfill-1.0.2.tgz",
      "integrity": "sha512-Jjlfw/K3A4Abl2QijyaAq4Xx+FN8Xu6132vqGUnNj3pFzPg+bGq6pytalvTEzU0o/VEOn7/hDnJ5v1NlCjUXkQ==",
      "dev": true
    },
    "node_modules/@jridgewell/sourcemap-codec": {
      "version": "1.5.0",
      "resolved": "https://registry.npmjs.org/@jridgewell/sourcemap-codec/-/sourcemap-codec-1.5.0.tgz",
      "integrity": "sha512-gv3ZRaISU3fjPAgNsriBRqGWQL6quFx04YMPW/zD8XMLsU32mhCCbfbO6KZFLjvYpCZ8zyDEgqsgf+PwPaM7GQ==",
      "dev": true,
      "license": "MIT"
    },
    "node_modules/@rollup/plugin-typescript": {
      "version": "12.1.3",
      "resolved": "https://registry.npmjs.org/@rollup/plugin-typescript/-/plugin-typescript-12.1.3.tgz",
      "integrity": "sha512-gAx0AYwkyjqOw4JrZV34N/abvAobLhczyLkZ7FVL2UXPrO4zv8oqTfYT3DLBRan1EXasp4SUuEJXqPTk0gnJzw==",
      "dev": true,
      "license": "MIT",
      "dependencies": {
        "@rollup/pluginutils": "^5.1.0",
        "resolve": "^1.22.1"
      },
      "engines": {
        "node": ">=14.0.0"
      },
      "peerDependencies": {
        "rollup": "^2.14.0||^3.0.0||^4.0.0",
        "tslib": "*",
        "typescript": ">=3.7.0"
      },
      "peerDependenciesMeta": {
        "rollup": {
          "optional": true
        },
        "tslib": {
          "optional": true
        }
      }
    },
    "node_modules/@rollup/pluginutils": {
      "version": "5.1.0",
      "resolved": "https://registry.npmjs.org/@rollup/pluginutils/-/pluginutils-5.1.0.tgz",
      "integrity": "sha512-XTIWOPPcpvyKI6L1NHo0lFlCyznUEyPmPY1mc3KpPVDYulHSTvyeLNVW00QTLIAFNhR3kYnJTQHeGqU4M3n09g==",
      "dev": true,
      "dependencies": {
        "@types/estree": "^1.0.0",
        "estree-walker": "^2.0.2",
        "picomatch": "^2.3.1"
      },
      "engines": {
        "node": ">=14.0.0"
      },
      "peerDependencies": {
        "rollup": "^1.20.0||^2.0.0||^3.0.0||^4.0.0"
      },
      "peerDependenciesMeta": {
        "rollup": {
          "optional": true
        }
      }
    },
    "node_modules/@rollup/rollup-android-arm-eabi": {
      "version": "4.43.0",
      "resolved": "https://registry.npmjs.org/@rollup/rollup-android-arm-eabi/-/rollup-android-arm-eabi-4.43.0.tgz",
      "integrity": "sha512-Krjy9awJl6rKbruhQDgivNbD1WuLb8xAclM4IR4cN5pHGAs2oIMMQJEiC3IC/9TZJ+QZkmZhlMO/6MBGxPidpw==",
      "cpu": [
        "arm"
      ],
      "dev": true,
      "license": "MIT",
      "optional": true,
      "os": [
        "android"
      ]
    },
    "node_modules/@rollup/rollup-android-arm64": {
      "version": "4.43.0",
      "resolved": "https://registry.npmjs.org/@rollup/rollup-android-arm64/-/rollup-android-arm64-4.43.0.tgz",
      "integrity": "sha512-ss4YJwRt5I63454Rpj+mXCXicakdFmKnUNxr1dLK+5rv5FJgAxnN7s31a5VchRYxCFWdmnDWKd0wbAdTr0J5EA==",
      "cpu": [
        "arm64"
      ],
      "dev": true,
      "license": "MIT",
      "optional": true,
      "os": [
        "android"
      ]
    },
    "node_modules/@rollup/rollup-darwin-arm64": {
      "version": "4.43.0",
      "resolved": "https://registry.npmjs.org/@rollup/rollup-darwin-arm64/-/rollup-darwin-arm64-4.43.0.tgz",
      "integrity": "sha512-eKoL8ykZ7zz8MjgBenEF2OoTNFAPFz1/lyJ5UmmFSz5jW+7XbH1+MAgCVHy72aG59rbuQLcJeiMrP8qP5d/N0A==",
      "cpu": [
        "arm64"
      ],
      "dev": true,
      "license": "MIT",
      "optional": true,
      "os": [
        "darwin"
      ]
    },
    "node_modules/@rollup/rollup-darwin-x64": {
      "version": "4.43.0",
      "resolved": "https://registry.npmjs.org/@rollup/rollup-darwin-x64/-/rollup-darwin-x64-4.43.0.tgz",
      "integrity": "sha512-SYwXJgaBYW33Wi/q4ubN+ldWC4DzQY62S4Ll2dgfr/dbPoF50dlQwEaEHSKrQdSjC6oIe1WgzosoaNoHCdNuMg==",
      "cpu": [
        "x64"
      ],
      "dev": true,
      "license": "MIT",
      "optional": true,
      "os": [
        "darwin"
      ]
    },
    "node_modules/@rollup/rollup-freebsd-arm64": {
      "version": "4.43.0",
      "resolved": "https://registry.npmjs.org/@rollup/rollup-freebsd-arm64/-/rollup-freebsd-arm64-4.43.0.tgz",
      "integrity": "sha512-SV+U5sSo0yujrjzBF7/YidieK2iF6E7MdF6EbYxNz94lA+R0wKl3SiixGyG/9Klab6uNBIqsN7j4Y/Fya7wAjQ==",
      "cpu": [
        "arm64"
      ],
      "dev": true,
      "license": "MIT",
      "optional": true,
      "os": [
        "freebsd"
      ]
    },
    "node_modules/@rollup/rollup-freebsd-x64": {
      "version": "4.43.0",
      "resolved": "https://registry.npmjs.org/@rollup/rollup-freebsd-x64/-/rollup-freebsd-x64-4.43.0.tgz",
      "integrity": "sha512-J7uCsiV13L/VOeHJBo5SjasKiGxJ0g+nQTrBkAsmQBIdil3KhPnSE9GnRon4ejX1XDdsmK/l30IYLiAaQEO0Cg==",
      "cpu": [
        "x64"
      ],
      "dev": true,
      "license": "MIT",
      "optional": true,
      "os": [
        "freebsd"
      ]
    },
    "node_modules/@rollup/rollup-linux-arm-gnueabihf": {
      "version": "4.43.0",
      "resolved": "https://registry.npmjs.org/@rollup/rollup-linux-arm-gnueabihf/-/rollup-linux-arm-gnueabihf-4.43.0.tgz",
      "integrity": "sha512-gTJ/JnnjCMc15uwB10TTATBEhK9meBIY+gXP4s0sHD1zHOaIh4Dmy1X9wup18IiY9tTNk5gJc4yx9ctj/fjrIw==",
      "cpu": [
        "arm"
      ],
      "dev": true,
      "license": "MIT",
      "optional": true,
      "os": [
        "linux"
      ]
    },
    "node_modules/@rollup/rollup-linux-arm-musleabihf": {
      "version": "4.43.0",
      "resolved": "https://registry.npmjs.org/@rollup/rollup-linux-arm-musleabihf/-/rollup-linux-arm-musleabihf-4.43.0.tgz",
      "integrity": "sha512-ZJ3gZynL1LDSIvRfz0qXtTNs56n5DI2Mq+WACWZ7yGHFUEirHBRt7fyIk0NsCKhmRhn7WAcjgSkSVVxKlPNFFw==",
      "cpu": [
        "arm"
      ],
      "dev": true,
      "license": "MIT",
      "optional": true,
      "os": [
        "linux"
      ]
    },
    "node_modules/@rollup/rollup-linux-arm64-gnu": {
      "version": "4.43.0",
      "resolved": "https://registry.npmjs.org/@rollup/rollup-linux-arm64-gnu/-/rollup-linux-arm64-gnu-4.43.0.tgz",
      "integrity": "sha512-8FnkipasmOOSSlfucGYEu58U8cxEdhziKjPD2FIa0ONVMxvl/hmONtX/7y4vGjdUhjcTHlKlDhw3H9t98fPvyA==",
      "cpu": [
        "arm64"
      ],
      "dev": true,
      "license": "MIT",
      "optional": true,
      "os": [
        "linux"
      ]
    },
    "node_modules/@rollup/rollup-linux-arm64-musl": {
      "version": "4.43.0",
      "resolved": "https://registry.npmjs.org/@rollup/rollup-linux-arm64-musl/-/rollup-linux-arm64-musl-4.43.0.tgz",
      "integrity": "sha512-KPPyAdlcIZ6S9C3S2cndXDkV0Bb1OSMsX0Eelr2Bay4EsF9yi9u9uzc9RniK3mcUGCLhWY9oLr6er80P5DE6XA==",
      "cpu": [
        "arm64"
      ],
      "dev": true,
      "license": "MIT",
      "optional": true,
      "os": [
        "linux"
      ]
    },
    "node_modules/@rollup/rollup-linux-loongarch64-gnu": {
      "version": "4.43.0",
      "resolved": "https://registry.npmjs.org/@rollup/rollup-linux-loongarch64-gnu/-/rollup-linux-loongarch64-gnu-4.43.0.tgz",
      "integrity": "sha512-HPGDIH0/ZzAZjvtlXj6g+KDQ9ZMHfSP553za7o2Odegb/BEfwJcR0Sw0RLNpQ9nC6Gy8s+3mSS9xjZ0n3rhcYg==",
      "cpu": [
        "loong64"
      ],
      "dev": true,
      "license": "MIT",
      "optional": true,
      "os": [
        "linux"
      ]
    },
    "node_modules/@rollup/rollup-linux-powerpc64le-gnu": {
      "version": "4.43.0",
      "resolved": "https://registry.npmjs.org/@rollup/rollup-linux-powerpc64le-gnu/-/rollup-linux-powerpc64le-gnu-4.43.0.tgz",
      "integrity": "sha512-gEmwbOws4U4GLAJDhhtSPWPXUzDfMRedT3hFMyRAvM9Mrnj+dJIFIeL7otsv2WF3D7GrV0GIewW0y28dOYWkmw==",
      "cpu": [
        "ppc64"
      ],
      "dev": true,
      "license": "MIT",
      "optional": true,
      "os": [
        "linux"
      ]
    },
    "node_modules/@rollup/rollup-linux-riscv64-gnu": {
      "version": "4.43.0",
      "resolved": "https://registry.npmjs.org/@rollup/rollup-linux-riscv64-gnu/-/rollup-linux-riscv64-gnu-4.43.0.tgz",
      "integrity": "sha512-XXKvo2e+wFtXZF/9xoWohHg+MuRnvO29TI5Hqe9xwN5uN8NKUYy7tXUG3EZAlfchufNCTHNGjEx7uN78KsBo0g==",
      "cpu": [
        "riscv64"
      ],
      "dev": true,
      "license": "MIT",
      "optional": true,
      "os": [
        "linux"
      ]
    },
    "node_modules/@rollup/rollup-linux-riscv64-musl": {
      "version": "4.43.0",
      "resolved": "https://registry.npmjs.org/@rollup/rollup-linux-riscv64-musl/-/rollup-linux-riscv64-musl-4.43.0.tgz",
      "integrity": "sha512-ruf3hPWhjw6uDFsOAzmbNIvlXFXlBQ4nk57Sec8E8rUxs/AI4HD6xmiiasOOx/3QxS2f5eQMKTAwk7KHwpzr/Q==",
      "cpu": [
        "riscv64"
      ],
      "dev": true,
      "license": "MIT",
      "optional": true,
      "os": [
        "linux"
      ]
    },
    "node_modules/@rollup/rollup-linux-s390x-gnu": {
      "version": "4.43.0",
      "resolved": "https://registry.npmjs.org/@rollup/rollup-linux-s390x-gnu/-/rollup-linux-s390x-gnu-4.43.0.tgz",
      "integrity": "sha512-QmNIAqDiEMEvFV15rsSnjoSmO0+eJLoKRD9EAa9rrYNwO/XRCtOGM3A5A0X+wmG+XRrw9Fxdsw+LnyYiZWWcVw==",
      "cpu": [
        "s390x"
      ],
      "dev": true,
      "license": "MIT",
      "optional": true,
      "os": [
        "linux"
      ]
    },
    "node_modules/@rollup/rollup-linux-x64-gnu": {
      "version": "4.43.0",
      "resolved": "https://registry.npmjs.org/@rollup/rollup-linux-x64-gnu/-/rollup-linux-x64-gnu-4.43.0.tgz",
      "integrity": "sha512-jAHr/S0iiBtFyzjhOkAics/2SrXE092qyqEg96e90L3t9Op8OTzS6+IX0Fy5wCt2+KqeHAkti+eitV0wvblEoQ==",
      "cpu": [
        "x64"
      ],
      "dev": true,
      "license": "MIT",
      "optional": true,
      "os": [
        "linux"
      ]
    },
    "node_modules/@rollup/rollup-linux-x64-musl": {
      "version": "4.43.0",
      "resolved": "https://registry.npmjs.org/@rollup/rollup-linux-x64-musl/-/rollup-linux-x64-musl-4.43.0.tgz",
      "integrity": "sha512-3yATWgdeXyuHtBhrLt98w+5fKurdqvs8B53LaoKD7P7H7FKOONLsBVMNl9ghPQZQuYcceV5CDyPfyfGpMWD9mQ==",
      "cpu": [
        "x64"
      ],
      "dev": true,
      "license": "MIT",
      "optional": true,
      "os": [
        "linux"
      ]
    },
    "node_modules/@rollup/rollup-win32-arm64-msvc": {
      "version": "4.43.0",
      "resolved": "https://registry.npmjs.org/@rollup/rollup-win32-arm64-msvc/-/rollup-win32-arm64-msvc-4.43.0.tgz",
      "integrity": "sha512-wVzXp2qDSCOpcBCT5WRWLmpJRIzv23valvcTwMHEobkjippNf+C3ys/+wf07poPkeNix0paTNemB2XrHr2TnGw==",
      "cpu": [
        "arm64"
      ],
      "dev": true,
      "license": "MIT",
      "optional": true,
      "os": [
        "win32"
      ]
    },
    "node_modules/@rollup/rollup-win32-ia32-msvc": {
      "version": "4.43.0",
      "resolved": "https://registry.npmjs.org/@rollup/rollup-win32-ia32-msvc/-/rollup-win32-ia32-msvc-4.43.0.tgz",
      "integrity": "sha512-fYCTEyzf8d+7diCw8b+asvWDCLMjsCEA8alvtAutqJOJp/wL5hs1rWSqJ1vkjgW0L2NB4bsYJrpKkiIPRR9dvw==",
      "cpu": [
        "ia32"
      ],
      "dev": true,
      "license": "MIT",
      "optional": true,
      "os": [
        "win32"
      ]
    },
    "node_modules/@rollup/rollup-win32-x64-msvc": {
      "version": "4.43.0",
      "resolved": "https://registry.npmjs.org/@rollup/rollup-win32-x64-msvc/-/rollup-win32-x64-msvc-4.43.0.tgz",
      "integrity": "sha512-SnGhLiE5rlK0ofq8kzuDkM0g7FN1s5VYY+YSMTibP7CqShxCQvqtNxTARS4xX4PFJfHjG0ZQYX9iGzI3FQh5Aw==",
      "cpu": [
        "x64"
      ],
      "dev": true,
      "license": "MIT",
      "optional": true,
      "os": [
        "win32"
      ]
    },
    "node_modules/@types/estree": {
      "version": "1.0.7",
      "resolved": "https://registry.npmjs.org/@types/estree/-/estree-1.0.7.tgz",
      "integrity": "sha512-w28IoSUCJpidD/TGviZwwMJckNESJZXFu7NBZ5YJ4mEUnNraUn9Pm8HSZm/jDF1pDWYKspWE7oVphigUPRakIQ==",
      "dev": true,
      "license": "MIT"
    },
    "node_modules/@types/node": {
      "version": "24.0.3",
      "resolved": "https://registry.npmjs.org/@types/node/-/node-24.0.3.tgz",
      "integrity": "sha512-R4I/kzCYAdRLzfiCabn9hxWfbuHS573x+r0dJMkkzThEa7pbrcDWK+9zu3e7aBOouf+rQAciqPFMnxwr0aWgKg==",
      "dev": true,
      "license": "MIT",
      "dependencies": {
        "undici-types": "~7.8.0"
      }
    },
    "node_modules/estree-walker": {
      "version": "2.0.2",
      "resolved": "https://registry.npmjs.org/estree-walker/-/estree-walker-2.0.2.tgz",
      "integrity": "sha512-Rfkk/Mp/DL7JVje3u18FxFujQlTNR2q6QfMSMB7AvCBx91NGj/ba3kCfza0f6dVDbw7YlRf/nDrn7pQrCCyQ/w==",
      "dev": true
    },
    "node_modules/fsevents": {
      "version": "2.3.2",
      "resolved": "https://registry.npmjs.org/fsevents/-/fsevents-2.3.2.tgz",
      "integrity": "sha512-xiqMQR4xAeHTuB9uWm+fFRcIOgKBMiOBP+eXiyT7jsgVCq1bkVygt00oASowB7EdtpOHaaPgKt812P9ab+DDKA==",
      "dev": true,
      "hasInstallScript": true,
      "optional": true,
      "os": [
        "darwin"
      ],
      "engines": {
        "node": "^8.16.0 || ^10.6.0 || >=11.0.0"
      }
    },
    "node_modules/function-bind": {
      "version": "1.1.1",
      "resolved": "https://registry.npmjs.org/function-bind/-/function-bind-1.1.1.tgz",
      "integrity": "sha512-yIovAzMX49sF8Yl58fSCWJ5svSLuaibPxXQJFLmBObTuCr0Mf1KiPopGM9NiFjiYBCbfaa2Fh6breQ6ANVTI0A==",
      "dev": true
    },
    "node_modules/has": {
      "version": "1.0.3",
      "resolved": "https://registry.npmjs.org/has/-/has-1.0.3.tgz",
      "integrity": "sha512-f2dvO0VU6Oej7RkWJGrehjbzMAjFp5/VKPp5tTpWIV4JHHZK1/BxbFRtf/siA2SWTe09caDmVtYYzWEIbBS4zw==",
      "dev": true,
      "dependencies": {
        "function-bind": "^1.1.1"
      },
      "engines": {
        "node": ">= 0.4.0"
      }
    },
    "node_modules/is-core-module": {
      "version": "2.11.0",
      "resolved": "https://registry.npmjs.org/is-core-module/-/is-core-module-2.11.0.tgz",
      "integrity": "sha512-RRjxlvLDkD1YJwDbroBHMb+cukurkDWNyHx7D3oNB5x9rb5ogcksMC5wHCadcXoo67gVr/+3GFySh3134zi6rw==",
      "dev": true,
      "dependencies": {
        "has": "^1.0.3"
      },
      "funding": {
        "url": "https://github.com/sponsors/ljharb"
      }
    },
    "node_modules/js-tokens": {
      "version": "4.0.0",
      "resolved": "https://registry.npmjs.org/js-tokens/-/js-tokens-4.0.0.tgz",
      "integrity": "sha512-RdJUflcE3cUzKiMqQgsCu06FPu9UdIJO0beYbPhHN4k6apgJtifcoCtT9bcxOpYBtpD2kCM6Sbzg4CausW/PKQ==",
      "dev": true,
      "license": "MIT",
      "optional": true
    },
    "node_modules/magic-string": {
      "version": "0.30.17",
      "resolved": "https://registry.npmjs.org/magic-string/-/magic-string-0.30.17.tgz",
      "integrity": "sha512-sNPKHvyjVf7gyjwS4xGTaW/mCnF8wnjtifKBEhxfZ7E/S8tQ0rssrwGNn6q8JH/ohItJfSQp9mBtQYuTlH5QnA==",
      "dev": true,
      "license": "MIT",
      "dependencies": {
        "@jridgewell/sourcemap-codec": "^1.5.0"
      }
    },
    "node_modules/path-parse": {
      "version": "1.0.7",
      "resolved": "https://registry.npmjs.org/path-parse/-/path-parse-1.0.7.tgz",
      "integrity": "sha512-LDJzPVEEEPR+y48z93A0Ed0yXb8pAByGWo/k5YYdYgpY2/2EsOsksJrq7lOHxryrVOn1ejG6oAp8ahvOIQD8sw==",
      "dev": true
    },
    "node_modules/picocolors": {
      "version": "1.1.1",
      "resolved": "https://registry.npmjs.org/picocolors/-/picocolors-1.1.1.tgz",
      "integrity": "sha512-xceH2snhtb5M9liqDsmEw56le376mTZkEX/jEb/RxNFyegNul7eNslCXP9FDj/Lcu0X8KEyMceP2ntpaHrDEVA==",
      "dev": true,
      "license": "ISC",
      "optional": true
    },
    "node_modules/picomatch": {
      "version": "2.3.1",
      "resolved": "https://registry.npmjs.org/picomatch/-/picomatch-2.3.1.tgz",
      "integrity": "sha512-JU3teHTNjmE2VCGFzuY8EXzCDVwEqB2a8fsIvwaStHhAWJEeVd1o1QD80CU6+ZdEXXSLbSsuLwJjkCBWqRQUVA==",
      "dev": true,
      "engines": {
        "node": ">=8.6"
      },
      "funding": {
        "url": "https://github.com/sponsors/jonschlinkert"
      }
    },
    "node_modules/resolve": {
      "version": "1.22.1",
      "resolved": "https://registry.npmjs.org/resolve/-/resolve-1.22.1.tgz",
      "integrity": "sha512-nBpuuYuY5jFsli/JIs1oldw6fOQCBioohqWZg/2hiaOybXOft4lonv85uDOKXdf8rhyK159cxU5cDcK/NKk8zw==",
      "dev": true,
      "dependencies": {
        "is-core-module": "^2.9.0",
        "path-parse": "^1.0.7",
        "supports-preserve-symlinks-flag": "^1.0.0"
      },
      "bin": {
        "resolve": "bin/resolve"
      },
      "funding": {
        "url": "https://github.com/sponsors/ljharb"
      }
    },
    "node_modules/rollup": {
      "version": "4.43.0",
      "resolved": "https://registry.npmjs.org/rollup/-/rollup-4.43.0.tgz",
      "integrity": "sha512-wdN2Kd3Twh8MAEOEJZsuxuLKCsBEo4PVNLK6tQWAn10VhsVewQLzcucMgLolRlhFybGxfclbPeEYBaP6RvUFGg==",
      "dev": true,
      "license": "MIT",
      "dependencies": {
        "@types/estree": "1.0.7"
      },
      "bin": {
        "rollup": "dist/bin/rollup"
      },
      "engines": {
        "node": ">=18.0.0",
        "npm": ">=8.0.0"
      },
      "optionalDependencies": {
        "@rollup/rollup-android-arm-eabi": "4.43.0",
        "@rollup/rollup-android-arm64": "4.43.0",
        "@rollup/rollup-darwin-arm64": "4.43.0",
        "@rollup/rollup-darwin-x64": "4.43.0",
        "@rollup/rollup-freebsd-arm64": "4.43.0",
        "@rollup/rollup-freebsd-x64": "4.43.0",
        "@rollup/rollup-linux-arm-gnueabihf": "4.43.0",
        "@rollup/rollup-linux-arm-musleabihf": "4.43.0",
        "@rollup/rollup-linux-arm64-gnu": "4.43.0",
        "@rollup/rollup-linux-arm64-musl": "4.43.0",
        "@rollup/rollup-linux-loongarch64-gnu": "4.43.0",
        "@rollup/rollup-linux-powerpc64le-gnu": "4.43.0",
        "@rollup/rollup-linux-riscv64-gnu": "4.43.0",
        "@rollup/rollup-linux-riscv64-musl": "4.43.0",
        "@rollup/rollup-linux-s390x-gnu": "4.43.0",
        "@rollup/rollup-linux-x64-gnu": "4.43.0",
        "@rollup/rollup-linux-x64-musl": "4.43.0",
        "@rollup/rollup-win32-arm64-msvc": "4.43.0",
        "@rollup/rollup-win32-ia32-msvc": "4.43.0",
        "@rollup/rollup-win32-x64-msvc": "4.43.0",
        "fsevents": "~2.3.2"
      }
    },
    "node_modules/rollup-plugin-dts": {
      "version": "6.2.1",
      "resolved": "https://registry.npmjs.org/rollup-plugin-dts/-/rollup-plugin-dts-6.2.1.tgz",
      "integrity": "sha512-sR3CxYUl7i2CHa0O7bA45mCrgADyAQ0tVtGSqi3yvH28M+eg1+g5d7kQ9hLvEz5dorK3XVsH5L2jwHLQf72DzA==",
      "dev": true,
      "license": "LGPL-3.0-only",
      "dependencies": {
        "magic-string": "^0.30.17"
      },
      "engines": {
        "node": ">=16"
      },
      "funding": {
        "url": "https://github.com/sponsors/Swatinem"
      },
      "optionalDependencies": {
        "@babel/code-frame": "^7.26.2"
      },
      "peerDependencies": {
        "rollup": "^3.29.4 || ^4",
        "typescript": "^4.5 || ^5.0"
      }
    },
    "node_modules/rollup-plugin-node-externals": {
      "version": "8.0.1",
      "resolved": "https://registry.npmjs.org/rollup-plugin-node-externals/-/rollup-plugin-node-externals-8.0.1.tgz",
      "integrity": "sha512-j6uve/BPEyHCmQuXpu5/LT5qXw69QLIi6YnFrs6F7tmGFXjkFDT0zqZMt0KaMuWSvkcxJFBklsKfYYoKKEPwyw==",
      "dev": true,
      "funding": [
        {
          "type": "patreon",
          "url": "https://patreon.com/Septh"
        },
        {
          "type": "paypal",
          "url": "https://paypal.me/septh07"
        }
      ],
      "license": "MIT",
      "engines": {
        "node": ">= 21 || ^20.6.0 || ^18.19.0"
      },
      "peerDependencies": {
        "rollup": "^4.0.0"
      }
    },
    "node_modules/supports-preserve-symlinks-flag": {
      "version": "1.0.0",
      "resolved": "https://registry.npmjs.org/supports-preserve-symlinks-flag/-/supports-preserve-symlinks-flag-1.0.0.tgz",
      "integrity": "sha512-ot0WnXS9fgdkgIcePe6RHNk1WA8+muPa6cSjeR3V8K27q9BB1rTE3R1p7Hv0z1ZyAc8s6Vvv8DIyWf681MAt0w==",
      "dev": true,
      "engines": {
        "node": ">= 0.4"
      },
      "funding": {
        "url": "https://github.com/sponsors/ljharb"
      }
    },
    "node_modules/tslib": {
      "version": "2.8.1",
      "resolved": "https://registry.npmjs.org/tslib/-/tslib-2.8.1.tgz",
      "integrity": "sha512-oJFu94HQb+KVduSUQL7wnpmqnfmLsOA/nAh6b6EH0wCEoK0/mPeXU6c3wKDV83MkOuHPRHtSXKKU99IBazS/2w==",
      "dev": true,
      "license": "0BSD"
    },
    "node_modules/typescript": {
      "version": "5.8.3",
      "resolved": "https://registry.npmjs.org/typescript/-/typescript-5.8.3.tgz",
      "integrity": "sha512-p1diW6TqL9L07nNxvRMM7hMMw4c5XOo/1ibL4aAIGmSAt9slTE1Xgw5KWuof2uTOvCg9BY7ZRi+GaF+7sfgPeQ==",
      "dev": true,
      "license": "Apache-2.0",
      "bin": {
        "tsc": "bin/tsc",
        "tsserver": "bin/tsserver"
      },
      "engines": {
        "node": ">=14.17"
      }
    },
    "node_modules/undici-types": {
      "version": "7.8.0",
      "resolved": "https://registry.npmjs.org/undici-types/-/undici-types-7.8.0.tgz",
      "integrity": "sha512-9UJ2xGDvQ43tYyVMpuHlsgApydB8ZKfVYTsLDhXkFL/6gfkp+U8xTGdh8pMJv1SpZna0zxG1DwsKZsreLbXBxw==",
      "dev": true,
      "license": "MIT"
    }
  },
  "dependencies": {
    "@babel/code-frame": {
      "version": "7.27.1",
      "resolved": "https://registry.npmjs.org/@babel/code-frame/-/code-frame-7.27.1.tgz",
      "integrity": "sha512-cjQ7ZlQ0Mv3b47hABuTevyTuYN4i+loJKGeV9flcCgIK37cCXRh+L1bd3iBHlynerhQ7BhCkn2BPbQUL+rGqFg==",
      "dev": true,
      "optional": true,
      "requires": {
        "@babel/helper-validator-identifier": "^7.27.1",
        "js-tokens": "^4.0.0",
        "picocolors": "^1.1.1"
      }
    },
    "@babel/helper-validator-identifier": {
      "version": "7.27.1",
      "resolved": "https://registry.npmjs.org/@babel/helper-validator-identifier/-/helper-validator-identifier-7.27.1.tgz",
      "integrity": "sha512-D2hP9eA+Sqx1kBZgzxZh0y1trbuU+JoDkiEwqhQ36nodYqJwyEIhPSdMNd7lOm/4io72luTPWH20Yda0xOuUow==",
      "dev": true,
      "optional": true
    },
    "@hazae41/arrays": {
      "version": "1.1.5",
      "resolved": "https://registry.npmjs.org/@hazae41/arrays/-/arrays-1.1.5.tgz",
      "integrity": "sha512-EyYJ9AX4BrQ4Q+f0PJKAecMcVZV7C64IwaKQxfPblh1Vp2xQCg20uVW2RHfyJydeJzmlT8yuCDMS/Gv8hpCSJg=="
    },
    "@hazae41/box": {
      "version": "4.0.4",
      "resolved": "https://registry.npmjs.org/@hazae41/box/-/box-4.0.4.tgz",
      "integrity": "sha512-PlZ4tF8EDHCDoAufrldRICOXcUPNYNC2V75ZaKKS+88F8qAAJh5Mt7gFhbbvZQNqtEVDx/QzxlDB+3pjqZs+7Q=="
    },
    "@hazae41/deimos": {
      "version": "1.0.6",
      "resolved": "https://registry.npmjs.org/@hazae41/deimos/-/deimos-1.0.6.tgz",
      "integrity": "sha512-WFPqGe3hVKoUxXSDK+eJpKEpjTBZYfrvBCNlpUAjSyDB/5GrsjcVpgX37QDXZvtJA+Y8fZz1VHxuWGh+I46cIw==",
      "dev": true
    },
    "@hazae41/future": {
      "version": "2.0.1",
      "resolved": "https://registry.npmjs.org/@hazae41/future/-/future-2.0.1.tgz",
      "integrity": "sha512-kuCYPEquroSVFMBhX/iEsbK0eOAHFimvXJnFKe6AeJh8gp92jpGI8wqWRjtlpJaUAfrgKNBMHJPZkQNchEjatg=="
    },
    "@hazae41/mutex": {
      "version": "2.2.2",
      "resolved": "https://registry.npmjs.org/@hazae41/mutex/-/mutex-2.2.2.tgz",
      "integrity": "sha512-IeszMz3YgtAVd10yp/HviM0A1uSq+tHV7j9+rckI9unu2YDIZaWz/BFkRizFxZqLc0HFyjTuN3akb0BANPEo4w==",
      "requires": {
        "@hazae41/box": "^4.0.4",
        "@hazae41/future": "^2.0.1"
      }
    },
    "@hazae41/option": {
      "version": "1.1.4",
      "resolved": "https://registry.npmjs.org/@hazae41/option/-/option-1.1.4.tgz",
      "integrity": "sha512-ZGAVkOJJw2YIeihG8PaWs4R3KDloCgWGNDPqbATvT3kTtoyU+dJmya/UCM2P+ZwCfWYpE7nGiYJbBTlpp929Qg==",
      "requires": {
        "@hazae41/result": "^1.3.0"
      }
    },
    "@hazae41/phobos": {
      "version": "1.0.10",
      "resolved": "https://registry.npmjs.org/@hazae41/phobos/-/phobos-1.0.10.tgz",
      "integrity": "sha512-ZCZx2YXnRAmMxQhBSg1/GW3wll8UVXGJm8ADWaGk9sJRnXE0zISAHz1mRZIHXHAq+MUBOQF7d6AeCAckc2xYlQ==",
      "dev": true
    },
    "@hazae41/plume": {
      "version": "3.0.7",
      "resolved": "https://registry.npmjs.org/@hazae41/plume/-/plume-3.0.7.tgz",
      "integrity": "sha512-4TI6M54cmPto9/o0W53RyB0cI1DORgYy0uvSVtOS2xB9EIXM5WKLxGFYddlvl/4pzGvx7AIuXjaVTw5ZzduWiw==",
      "requires": {
        "@hazae41/box": "^3.0.1",
        "@hazae41/future": "^2.0.1",
        "@hazae41/option": "^1.1.4",
        "@hazae41/signals": "^1.1.0"
      },
      "dependencies": {
        "@hazae41/box": {
          "version": "3.0.4",
          "resolved": "https://registry.npmjs.org/@hazae41/box/-/box-3.0.4.tgz",
          "integrity": "sha512-K4RcUW5ijyx6EwadDYmECoQjw3IhcIUh3bNcZYbjzBMsc9ZTdcD9jQdxf9cOz9d3Ec4+h9Ugq2Yiiqh7I3buZA=="
        }
      }
    },
    "@hazae41/result": {
      "version": "1.3.3",
      "resolved": "https://registry.npmjs.org/@hazae41/result/-/result-1.3.3.tgz",
      "integrity": "sha512-dpSjfqFWGjp2WBTLIwVbElfF/ExxF+Q0cLA4NAWdDVsI2JbrMM335xeRiXl5v7Ho+9mLnh2VXmb7tq1SEFcYfg==",
      "requires": {
        "@hazae41/option": "^1.1.3"
      }
    },
    "@hazae41/rimraf": {
      "version": "1.0.1",
      "resolved": "https://registry.npmjs.org/@hazae41/rimraf/-/rimraf-1.0.1.tgz",
      "integrity": "sha512-EmzbyXflKMxnfiEAsE2jn84Bo2WeTxPasdasQ0JP4gisCa3n9qrB2tiR9fmRsrkS6wH/H16oBsu4dkyfaJiKQw==",
      "dev": true
    },
    "@hazae41/signals": {
      "version": "1.1.0",
      "resolved": "https://registry.npmjs.org/@hazae41/signals/-/signals-1.1.0.tgz",
      "integrity": "sha512-3gwWJIDM7D79fjvb7MfK/wFE+x7pPV+R1NNTHI2Tm7pcgr5eVWh4Xq5n1MjkYBoFQerIaBlU2IlDN4zyeTCItQ==",
      "requires": {
        "@hazae41/box": "^3.0.1",
        "@hazae41/future": "^2.0.1"
      },
      "dependencies": {
        "@hazae41/box": {
          "version": "3.0.4",
          "resolved": "https://registry.npmjs.org/@hazae41/box/-/box-3.0.4.tgz",
          "integrity": "sha512-K4RcUW5ijyx6EwadDYmECoQjw3IhcIUh3bNcZYbjzBMsc9ZTdcD9jQdxf9cOz9d3Ec4+h9Ugq2Yiiqh7I3buZA=="
        }
      }
    },
    "@hazae41/symbol-dispose-polyfill": {
      "version": "1.0.2",
      "resolved": "https://registry.npmjs.org/@hazae41/symbol-dispose-polyfill/-/symbol-dispose-polyfill-1.0.2.tgz",
      "integrity": "sha512-Jjlfw/K3A4Abl2QijyaAq4Xx+FN8Xu6132vqGUnNj3pFzPg+bGq6pytalvTEzU0o/VEOn7/hDnJ5v1NlCjUXkQ==",
      "dev": true
    },
    "@jridgewell/sourcemap-codec": {
      "version": "1.5.0",
      "resolved": "https://registry.npmjs.org/@jridgewell/sourcemap-codec/-/sourcemap-codec-1.5.0.tgz",
      "integrity": "sha512-gv3ZRaISU3fjPAgNsriBRqGWQL6quFx04YMPW/zD8XMLsU32mhCCbfbO6KZFLjvYpCZ8zyDEgqsgf+PwPaM7GQ==",
      "dev": true
    },
    "@rollup/plugin-typescript": {
      "version": "12.1.3",
      "resolved": "https://registry.npmjs.org/@rollup/plugin-typescript/-/plugin-typescript-12.1.3.tgz",
      "integrity": "sha512-gAx0AYwkyjqOw4JrZV34N/abvAobLhczyLkZ7FVL2UXPrO4zv8oqTfYT3DLBRan1EXasp4SUuEJXqPTk0gnJzw==",
      "dev": true,
      "requires": {
        "@rollup/pluginutils": "^5.1.0",
        "resolve": "^1.22.1"
      }
    },
    "@rollup/pluginutils": {
      "version": "5.1.0",
      "resolved": "https://registry.npmjs.org/@rollup/pluginutils/-/pluginutils-5.1.0.tgz",
      "integrity": "sha512-XTIWOPPcpvyKI6L1NHo0lFlCyznUEyPmPY1mc3KpPVDYulHSTvyeLNVW00QTLIAFNhR3kYnJTQHeGqU4M3n09g==",
      "dev": true,
      "requires": {
        "@types/estree": "^1.0.0",
        "estree-walker": "^2.0.2",
        "picomatch": "^2.3.1"
      }
    },
    "@rollup/rollup-android-arm-eabi": {
      "version": "4.43.0",
      "resolved": "https://registry.npmjs.org/@rollup/rollup-android-arm-eabi/-/rollup-android-arm-eabi-4.43.0.tgz",
      "integrity": "sha512-Krjy9awJl6rKbruhQDgivNbD1WuLb8xAclM4IR4cN5pHGAs2oIMMQJEiC3IC/9TZJ+QZkmZhlMO/6MBGxPidpw==",
      "dev": true,
      "optional": true
    },
    "@rollup/rollup-android-arm64": {
      "version": "4.43.0",
      "resolved": "https://registry.npmjs.org/@rollup/rollup-android-arm64/-/rollup-android-arm64-4.43.0.tgz",
      "integrity": "sha512-ss4YJwRt5I63454Rpj+mXCXicakdFmKnUNxr1dLK+5rv5FJgAxnN7s31a5VchRYxCFWdmnDWKd0wbAdTr0J5EA==",
      "dev": true,
      "optional": true
    },
    "@rollup/rollup-darwin-arm64": {
      "version": "4.43.0",
      "resolved": "https://registry.npmjs.org/@rollup/rollup-darwin-arm64/-/rollup-darwin-arm64-4.43.0.tgz",
      "integrity": "sha512-eKoL8ykZ7zz8MjgBenEF2OoTNFAPFz1/lyJ5UmmFSz5jW+7XbH1+MAgCVHy72aG59rbuQLcJeiMrP8qP5d/N0A==",
      "dev": true,
      "optional": true
    },
    "@rollup/rollup-darwin-x64": {
      "version": "4.43.0",
      "resolved": "https://registry.npmjs.org/@rollup/rollup-darwin-x64/-/rollup-darwin-x64-4.43.0.tgz",
      "integrity": "sha512-SYwXJgaBYW33Wi/q4ubN+ldWC4DzQY62S4Ll2dgfr/dbPoF50dlQwEaEHSKrQdSjC6oIe1WgzosoaNoHCdNuMg==",
      "dev": true,
      "optional": true
    },
    "@rollup/rollup-freebsd-arm64": {
      "version": "4.43.0",
      "resolved": "https://registry.npmjs.org/@rollup/rollup-freebsd-arm64/-/rollup-freebsd-arm64-4.43.0.tgz",
      "integrity": "sha512-SV+U5sSo0yujrjzBF7/YidieK2iF6E7MdF6EbYxNz94lA+R0wKl3SiixGyG/9Klab6uNBIqsN7j4Y/Fya7wAjQ==",
      "dev": true,
      "optional": true
    },
    "@rollup/rollup-freebsd-x64": {
      "version": "4.43.0",
      "resolved": "https://registry.npmjs.org/@rollup/rollup-freebsd-x64/-/rollup-freebsd-x64-4.43.0.tgz",
      "integrity": "sha512-J7uCsiV13L/VOeHJBo5SjasKiGxJ0g+nQTrBkAsmQBIdil3KhPnSE9GnRon4ejX1XDdsmK/l30IYLiAaQEO0Cg==",
      "dev": true,
      "optional": true
    },
    "@rollup/rollup-linux-arm-gnueabihf": {
      "version": "4.43.0",
      "resolved": "https://registry.npmjs.org/@rollup/rollup-linux-arm-gnueabihf/-/rollup-linux-arm-gnueabihf-4.43.0.tgz",
      "integrity": "sha512-gTJ/JnnjCMc15uwB10TTATBEhK9meBIY+gXP4s0sHD1zHOaIh4Dmy1X9wup18IiY9tTNk5gJc4yx9ctj/fjrIw==",
      "dev": true,
      "optional": true
    },
    "@rollup/rollup-linux-arm-musleabihf": {
      "version": "4.43.0",
      "resolved": "https://registry.npmjs.org/@rollup/rollup-linux-arm-musleabihf/-/rollup-linux-arm-musleabihf-4.43.0.tgz",
      "integrity": "sha512-ZJ3gZynL1LDSIvRfz0qXtTNs56n5DI2Mq+WACWZ7yGHFUEirHBRt7fyIk0NsCKhmRhn7WAcjgSkSVVxKlPNFFw==",
      "dev": true,
      "optional": true
    },
    "@rollup/rollup-linux-arm64-gnu": {
      "version": "4.43.0",
      "resolved": "https://registry.npmjs.org/@rollup/rollup-linux-arm64-gnu/-/rollup-linux-arm64-gnu-4.43.0.tgz",
      "integrity": "sha512-8FnkipasmOOSSlfucGYEu58U8cxEdhziKjPD2FIa0ONVMxvl/hmONtX/7y4vGjdUhjcTHlKlDhw3H9t98fPvyA==",
      "dev": true,
      "optional": true
    },
    "@rollup/rollup-linux-arm64-musl": {
      "version": "4.43.0",
      "resolved": "https://registry.npmjs.org/@rollup/rollup-linux-arm64-musl/-/rollup-linux-arm64-musl-4.43.0.tgz",
      "integrity": "sha512-KPPyAdlcIZ6S9C3S2cndXDkV0Bb1OSMsX0Eelr2Bay4EsF9yi9u9uzc9RniK3mcUGCLhWY9oLr6er80P5DE6XA==",
      "dev": true,
      "optional": true
    },
    "@rollup/rollup-linux-loongarch64-gnu": {
      "version": "4.43.0",
      "resolved": "https://registry.npmjs.org/@rollup/rollup-linux-loongarch64-gnu/-/rollup-linux-loongarch64-gnu-4.43.0.tgz",
      "integrity": "sha512-HPGDIH0/ZzAZjvtlXj6g+KDQ9ZMHfSP553za7o2Odegb/BEfwJcR0Sw0RLNpQ9nC6Gy8s+3mSS9xjZ0n3rhcYg==",
      "dev": true,
      "optional": true
    },
    "@rollup/rollup-linux-powerpc64le-gnu": {
      "version": "4.43.0",
      "resolved": "https://registry.npmjs.org/@rollup/rollup-linux-powerpc64le-gnu/-/rollup-linux-powerpc64le-gnu-4.43.0.tgz",
      "integrity": "sha512-gEmwbOws4U4GLAJDhhtSPWPXUzDfMRedT3hFMyRAvM9Mrnj+dJIFIeL7otsv2WF3D7GrV0GIewW0y28dOYWkmw==",
      "dev": true,
      "optional": true
    },
    "@rollup/rollup-linux-riscv64-gnu": {
      "version": "4.43.0",
      "resolved": "https://registry.npmjs.org/@rollup/rollup-linux-riscv64-gnu/-/rollup-linux-riscv64-gnu-4.43.0.tgz",
      "integrity": "sha512-XXKvo2e+wFtXZF/9xoWohHg+MuRnvO29TI5Hqe9xwN5uN8NKUYy7tXUG3EZAlfchufNCTHNGjEx7uN78KsBo0g==",
      "dev": true,
      "optional": true
    },
    "@rollup/rollup-linux-riscv64-musl": {
      "version": "4.43.0",
      "resolved": "https://registry.npmjs.org/@rollup/rollup-linux-riscv64-musl/-/rollup-linux-riscv64-musl-4.43.0.tgz",
      "integrity": "sha512-ruf3hPWhjw6uDFsOAzmbNIvlXFXlBQ4nk57Sec8E8rUxs/AI4HD6xmiiasOOx/3QxS2f5eQMKTAwk7KHwpzr/Q==",
      "dev": true,
      "optional": true
    },
    "@rollup/rollup-linux-s390x-gnu": {
      "version": "4.43.0",
      "resolved": "https://registry.npmjs.org/@rollup/rollup-linux-s390x-gnu/-/rollup-linux-s390x-gnu-4.43.0.tgz",
      "integrity": "sha512-QmNIAqDiEMEvFV15rsSnjoSmO0+eJLoKRD9EAa9rrYNwO/XRCtOGM3A5A0X+wmG+XRrw9Fxdsw+LnyYiZWWcVw==",
      "dev": true,
      "optional": true
    },
    "@rollup/rollup-linux-x64-gnu": {
      "version": "4.43.0",
      "resolved": "https://registry.npmjs.org/@rollup/rollup-linux-x64-gnu/-/rollup-linux-x64-gnu-4.43.0.tgz",
      "integrity": "sha512-jAHr/S0iiBtFyzjhOkAics/2SrXE092qyqEg96e90L3t9Op8OTzS6+IX0Fy5wCt2+KqeHAkti+eitV0wvblEoQ==",
      "dev": true,
      "optional": true
    },
    "@rollup/rollup-linux-x64-musl": {
      "version": "4.43.0",
      "resolved": "https://registry.npmjs.org/@rollup/rollup-linux-x64-musl/-/rollup-linux-x64-musl-4.43.0.tgz",
      "integrity": "sha512-3yATWgdeXyuHtBhrLt98w+5fKurdqvs8B53LaoKD7P7H7FKOONLsBVMNl9ghPQZQuYcceV5CDyPfyfGpMWD9mQ==",
      "dev": true,
      "optional": true
    },
    "@rollup/rollup-win32-arm64-msvc": {
      "version": "4.43.0",
      "resolved": "https://registry.npmjs.org/@rollup/rollup-win32-arm64-msvc/-/rollup-win32-arm64-msvc-4.43.0.tgz",
      "integrity": "sha512-wVzXp2qDSCOpcBCT5WRWLmpJRIzv23valvcTwMHEobkjippNf+C3ys/+wf07poPkeNix0paTNemB2XrHr2TnGw==",
      "dev": true,
      "optional": true
    },
    "@rollup/rollup-win32-ia32-msvc": {
      "version": "4.43.0",
      "resolved": "https://registry.npmjs.org/@rollup/rollup-win32-ia32-msvc/-/rollup-win32-ia32-msvc-4.43.0.tgz",
      "integrity": "sha512-fYCTEyzf8d+7diCw8b+asvWDCLMjsCEA8alvtAutqJOJp/wL5hs1rWSqJ1vkjgW0L2NB4bsYJrpKkiIPRR9dvw==",
      "dev": true,
      "optional": true
    },
    "@rollup/rollup-win32-x64-msvc": {
      "version": "4.43.0",
      "resolved": "https://registry.npmjs.org/@rollup/rollup-win32-x64-msvc/-/rollup-win32-x64-msvc-4.43.0.tgz",
      "integrity": "sha512-SnGhLiE5rlK0ofq8kzuDkM0g7FN1s5VYY+YSMTibP7CqShxCQvqtNxTARS4xX4PFJfHjG0ZQYX9iGzI3FQh5Aw==",
      "dev": true,
      "optional": true
    },
    "@types/estree": {
      "version": "1.0.7",
      "resolved": "https://registry.npmjs.org/@types/estree/-/estree-1.0.7.tgz",
      "integrity": "sha512-w28IoSUCJpidD/TGviZwwMJckNESJZXFu7NBZ5YJ4mEUnNraUn9Pm8HSZm/jDF1pDWYKspWE7oVphigUPRakIQ==",
      "dev": true
    },
    "@types/node": {
      "version": "24.0.3",
      "resolved": "https://registry.npmjs.org/@types/node/-/node-24.0.3.tgz",
      "integrity": "sha512-R4I/kzCYAdRLzfiCabn9hxWfbuHS573x+r0dJMkkzThEa7pbrcDWK+9zu3e7aBOouf+rQAciqPFMnxwr0aWgKg==",
      "dev": true,
      "requires": {
        "undici-types": "~7.8.0"
      }
    },
    "estree-walker": {
      "version": "2.0.2",
      "resolved": "https://registry.npmjs.org/estree-walker/-/estree-walker-2.0.2.tgz",
      "integrity": "sha512-Rfkk/Mp/DL7JVje3u18FxFujQlTNR2q6QfMSMB7AvCBx91NGj/ba3kCfza0f6dVDbw7YlRf/nDrn7pQrCCyQ/w==",
      "dev": true
    },
    "fsevents": {
      "version": "2.3.2",
      "resolved": "https://registry.npmjs.org/fsevents/-/fsevents-2.3.2.tgz",
      "integrity": "sha512-xiqMQR4xAeHTuB9uWm+fFRcIOgKBMiOBP+eXiyT7jsgVCq1bkVygt00oASowB7EdtpOHaaPgKt812P9ab+DDKA==",
      "dev": true,
      "optional": true
    },
    "function-bind": {
      "version": "1.1.1",
      "resolved": "https://registry.npmjs.org/function-bind/-/function-bind-1.1.1.tgz",
      "integrity": "sha512-yIovAzMX49sF8Yl58fSCWJ5svSLuaibPxXQJFLmBObTuCr0Mf1KiPopGM9NiFjiYBCbfaa2Fh6breQ6ANVTI0A==",
      "dev": true
    },
    "has": {
      "version": "1.0.3",
      "resolved": "https://registry.npmjs.org/has/-/has-1.0.3.tgz",
      "integrity": "sha512-f2dvO0VU6Oej7RkWJGrehjbzMAjFp5/VKPp5tTpWIV4JHHZK1/BxbFRtf/siA2SWTe09caDmVtYYzWEIbBS4zw==",
      "dev": true,
      "requires": {
        "function-bind": "^1.1.1"
      }
    },
    "is-core-module": {
      "version": "2.11.0",
      "resolved": "https://registry.npmjs.org/is-core-module/-/is-core-module-2.11.0.tgz",
      "integrity": "sha512-RRjxlvLDkD1YJwDbroBHMb+cukurkDWNyHx7D3oNB5x9rb5ogcksMC5wHCadcXoo67gVr/+3GFySh3134zi6rw==",
      "dev": true,
      "requires": {
        "has": "^1.0.3"
      }
    },
    "js-tokens": {
      "version": "4.0.0",
      "resolved": "https://registry.npmjs.org/js-tokens/-/js-tokens-4.0.0.tgz",
      "integrity": "sha512-RdJUflcE3cUzKiMqQgsCu06FPu9UdIJO0beYbPhHN4k6apgJtifcoCtT9bcxOpYBtpD2kCM6Sbzg4CausW/PKQ==",
      "dev": true,
      "optional": true
    },
    "magic-string": {
      "version": "0.30.17",
      "resolved": "https://registry.npmjs.org/magic-string/-/magic-string-0.30.17.tgz",
      "integrity": "sha512-sNPKHvyjVf7gyjwS4xGTaW/mCnF8wnjtifKBEhxfZ7E/S8tQ0rssrwGNn6q8JH/ohItJfSQp9mBtQYuTlH5QnA==",
      "dev": true,
      "requires": {
        "@jridgewell/sourcemap-codec": "^1.5.0"
      }
    },
    "path-parse": {
      "version": "1.0.7",
      "resolved": "https://registry.npmjs.org/path-parse/-/path-parse-1.0.7.tgz",
      "integrity": "sha512-LDJzPVEEEPR+y48z93A0Ed0yXb8pAByGWo/k5YYdYgpY2/2EsOsksJrq7lOHxryrVOn1ejG6oAp8ahvOIQD8sw==",
      "dev": true
    },
    "picocolors": {
      "version": "1.1.1",
      "resolved": "https://registry.npmjs.org/picocolors/-/picocolors-1.1.1.tgz",
      "integrity": "sha512-xceH2snhtb5M9liqDsmEw56le376mTZkEX/jEb/RxNFyegNul7eNslCXP9FDj/Lcu0X8KEyMceP2ntpaHrDEVA==",
      "dev": true,
      "optional": true
    },
    "picomatch": {
      "version": "2.3.1",
      "resolved": "https://registry.npmjs.org/picomatch/-/picomatch-2.3.1.tgz",
      "integrity": "sha512-JU3teHTNjmE2VCGFzuY8EXzCDVwEqB2a8fsIvwaStHhAWJEeVd1o1QD80CU6+ZdEXXSLbSsuLwJjkCBWqRQUVA==",
      "dev": true
    },
    "resolve": {
      "version": "1.22.1",
      "resolved": "https://registry.npmjs.org/resolve/-/resolve-1.22.1.tgz",
      "integrity": "sha512-nBpuuYuY5jFsli/JIs1oldw6fOQCBioohqWZg/2hiaOybXOft4lonv85uDOKXdf8rhyK159cxU5cDcK/NKk8zw==",
      "dev": true,
      "requires": {
        "is-core-module": "^2.9.0",
        "path-parse": "^1.0.7",
        "supports-preserve-symlinks-flag": "^1.0.0"
      }
    },
    "rollup": {
      "version": "4.43.0",
      "resolved": "https://registry.npmjs.org/rollup/-/rollup-4.43.0.tgz",
      "integrity": "sha512-wdN2Kd3Twh8MAEOEJZsuxuLKCsBEo4PVNLK6tQWAn10VhsVewQLzcucMgLolRlhFybGxfclbPeEYBaP6RvUFGg==",
      "dev": true,
      "requires": {
        "@rollup/rollup-android-arm-eabi": "4.43.0",
        "@rollup/rollup-android-arm64": "4.43.0",
        "@rollup/rollup-darwin-arm64": "4.43.0",
        "@rollup/rollup-darwin-x64": "4.43.0",
        "@rollup/rollup-freebsd-arm64": "4.43.0",
        "@rollup/rollup-freebsd-x64": "4.43.0",
        "@rollup/rollup-linux-arm-gnueabihf": "4.43.0",
        "@rollup/rollup-linux-arm-musleabihf": "4.43.0",
        "@rollup/rollup-linux-arm64-gnu": "4.43.0",
        "@rollup/rollup-linux-arm64-musl": "4.43.0",
        "@rollup/rollup-linux-loongarch64-gnu": "4.43.0",
        "@rollup/rollup-linux-powerpc64le-gnu": "4.43.0",
        "@rollup/rollup-linux-riscv64-gnu": "4.43.0",
        "@rollup/rollup-linux-riscv64-musl": "4.43.0",
        "@rollup/rollup-linux-s390x-gnu": "4.43.0",
        "@rollup/rollup-linux-x64-gnu": "4.43.0",
        "@rollup/rollup-linux-x64-musl": "4.43.0",
        "@rollup/rollup-win32-arm64-msvc": "4.43.0",
        "@rollup/rollup-win32-ia32-msvc": "4.43.0",
        "@rollup/rollup-win32-x64-msvc": "4.43.0",
        "@types/estree": "1.0.7",
        "fsevents": "~2.3.2"
      }
    },
    "rollup-plugin-dts": {
      "version": "6.2.1",
      "resolved": "https://registry.npmjs.org/rollup-plugin-dts/-/rollup-plugin-dts-6.2.1.tgz",
      "integrity": "sha512-sR3CxYUl7i2CHa0O7bA45mCrgADyAQ0tVtGSqi3yvH28M+eg1+g5d7kQ9hLvEz5dorK3XVsH5L2jwHLQf72DzA==",
      "dev": true,
      "requires": {
        "@babel/code-frame": "^7.26.2",
        "magic-string": "^0.30.17"
      }
    },
    "rollup-plugin-node-externals": {
      "version": "8.0.1",
      "resolved": "https://registry.npmjs.org/rollup-plugin-node-externals/-/rollup-plugin-node-externals-8.0.1.tgz",
      "integrity": "sha512-j6uve/BPEyHCmQuXpu5/LT5qXw69QLIi6YnFrs6F7tmGFXjkFDT0zqZMt0KaMuWSvkcxJFBklsKfYYoKKEPwyw==",
      "dev": true,
      "requires": {}
    },
    "supports-preserve-symlinks-flag": {
      "version": "1.0.0",
      "resolved": "https://registry.npmjs.org/supports-preserve-symlinks-flag/-/supports-preserve-symlinks-flag-1.0.0.tgz",
      "integrity": "sha512-ot0WnXS9fgdkgIcePe6RHNk1WA8+muPa6cSjeR3V8K27q9BB1rTE3R1p7Hv0z1ZyAc8s6Vvv8DIyWf681MAt0w==",
      "dev": true
    },
    "tslib": {
      "version": "2.8.1",
      "resolved": "https://registry.npmjs.org/tslib/-/tslib-2.8.1.tgz",
      "integrity": "sha512-oJFu94HQb+KVduSUQL7wnpmqnfmLsOA/nAh6b6EH0wCEoK0/mPeXU6c3wKDV83MkOuHPRHtSXKKU99IBazS/2w==",
      "dev": true
    },
    "typescript": {
      "version": "5.8.3",
      "resolved": "https://registry.npmjs.org/typescript/-/typescript-5.8.3.tgz",
      "integrity": "sha512-p1diW6TqL9L07nNxvRMM7hMMw4c5XOo/1ibL4aAIGmSAt9slTE1Xgw5KWuof2uTOvCg9BY7ZRi+GaF+7sfgPeQ==",
      "dev": true
    },
    "undici-types": {
      "version": "7.8.0",
      "resolved": "https://registry.npmjs.org/undici-types/-/undici-types-7.8.0.tgz",
      "integrity": "sha512-9UJ2xGDvQ43tYyVMpuHlsgApydB8ZKfVYTsLDhXkFL/6gfkp+U8xTGdh8pMJv1SpZna0zxG1DwsKZsreLbXBxw==",
      "dev": true
    }
  }
}
